
Microsoft Visual Studio Solution File, Format Version 12.00
# Visual Studio Version 16
VisualStudioVersion = 16.0.29411.108
MinimumVisualStudioVersion = 10.0.40219.1
Project("{FAE04EC0-301F-11D3-BF4B-00C04F79EFBC}") = "JustGiving.Api.Sdk", "JustGiving.Api.Sdk\JustGiving.Api.Sdk.csproj", "{6D16BFF7-1384-4797-87E8-AE03D173BBA0}"
EndProject
Project("{FAE04EC0-301F-11D3-BF4B-00C04F79EFBC}") = "JustGiving.Api.Data.Sdk", "JustGiving.Api.Data.Sdk\JustGiving.Api.Data.Sdk.csproj", "{E340569B-11E3-4C7C-920F-72A41A891F73}"
EndProject
Global
	GlobalSection(SolutionConfigurationPlatforms) = preSolution
		Debug|Any CPU = Debug|Any CPU
		Debug|Mixed Platforms = Debug|Mixed Platforms
		Debug|x86 = Debug|x86
		Release|Any CPU = Release|Any CPU
		Release|Mixed Platforms = Release|Mixed Platforms
		Release|x86 = Release|x86
	EndGlobalSection
	GlobalSection(ProjectConfigurationPlatforms) = postSolution
		{6D16BFF7-1384-4797-87E8-AE03D173BBA0}.Debug|Any CPU.ActiveCfg = Debug|Any CPU
		{6D16BFF7-1384-4797-87E8-AE03D173BBA0}.Debug|Any CPU.Build.0 = Debug|Any CPU
		{6D16BFF7-1384-4797-87E8-AE03D173BBA0}.Debug|Mixed Platforms.ActiveCfg = Debug|Any CPU
		{6D16BFF7-1384-4797-87E8-AE03D173BBA0}.Debug|Mixed Platforms.Build.0 = Debug|Any CPU
		{6D16BFF7-1384-4797-87E8-AE03D173BBA0}.Debug|x86.ActiveCfg = Debug|Any CPU
		{6D16BFF7-1384-4797-87E8-AE03D173BBA0}.Release|Any CPU.ActiveCfg = Release|Any CPU
		{6D16BFF7-1384-4797-87E8-AE03D173BBA0}.Release|Any CPU.Build.0 = Release|Any CPU
		{6D16BFF7-1384-4797-87E8-AE03D173BBA0}.Release|Mixed Platforms.ActiveCfg = Release|Any CPU
		{6D16BFF7-1384-4797-87E8-AE03D173BBA0}.Release|Mixed Platforms.Build.0 = Release|Any CPU
		{6D16BFF7-1384-4797-87E8-AE03D173BBA0}.Release|x86.ActiveCfg = Release|Any CPU
		{E340569B-11E3-4C7C-920F-72A41A891F73}.Debug|Any CPU.ActiveCfg = Debug|Any CPU
		{E340569B-11E3-4C7C-920F-72A41A891F73}.Debug|Any CPU.Build.0 = Debug|Any CPU
		{E340569B-11E3-4C7C-920F-72A41A891F73}.Debug|Mixed Platforms.ActiveCfg = Debug|Any CPU
		{E340569B-11E3-4C7C-920F-72A41A891F73}.Debug|Mixed Platforms.Build.0 = Debug|Any CPU
		{E340569B-11E3-4C7C-920F-72A41A891F73}.Debug|x86.ActiveCfg = Debug|Any CPU
		{E340569B-11E3-4C7C-920F-72A41A891F73}.Release|Any CPU.ActiveCfg = Release|Any CPU
		{E340569B-11E3-4C7C-920F-72A41A891F73}.Release|Any CPU.Build.0 = Release|Any CPU
		{E340569B-11E3-4C7C-920F-72A41A891F73}.Release|Mixed Platforms.ActiveCfg = Release|Any CPU
		{E340569B-11E3-4C7C-920F-72A41A891F73}.Release|Mixed Platforms.Build.0 = Release|Any CPU
		{E340569B-11E3-4C7C-920F-72A41A891F73}.Release|x86.ActiveCfg = Release|Any CPU
	EndGlobalSection
	GlobalSection(SolutionProperties) = preSolution
		HideSolutionNode = FALSE
	EndGlobalSection
	GlobalSection(ExtensibilityGlobals) = postSolution
		SolutionGuid = {E4A96B77-35B1-40E2-AA7D-246FBFF020B1}
	EndGlobalSection
EndGlobal
